
Microsoft Visual Studio Solution File, Format Version 12.00
# Visual Studio Version 17
VisualStudioVersion = 17.9.34728.123
MinimumVisualStudioVersion = 10.0.40219.1
Project("{9A19103F-16F7-4668-BE54-9A1E7A4F7556}") = "KasaKlijent", "KasaKlijent\KasaKlijent.csproj", "{B762CB00-FE74-418B-A4E0-CBE6F87AB69C}"
EndProject
Project("{9A19103F-16F7-4668-BE54-9A1E7A4F7556}") = "EsirDriver", "EsirDriver\EsirDriver.csproj", "{8482E928-899B-42FB-8160-F49A5207194D}"
EndProject
Project("{9A19103F-16F7-4668-BE54-9A1E7A4F7556}") = "PrevoditeljKonzola", "PrevoditeljKonzola\PrevoditeljKonzola.csproj", "{3EC4ADAD-DF9B-4CF1-B8BA-BDC8D895C13D}"
EndProject
Project("{9A19103F-16F7-4668-BE54-9A1E7A4F7556}") = "FiskalniPrevoditelj", "FiskalniPrevoditelj\FiskalniPrevoditelj.csproj", "{42AF5F2F-2651-4373-AF5A-755720AF6D96}"
EndProject
Global
	GlobalSection(SolutionConfigurationPlatforms) = preSolution
		Debug|Any CPU = Debug|Any CPU
		Release|Any CPU = Release|Any CPU
	EndGlobalSection
	GlobalSection(ProjectConfigurationPlatforms) = postSolution
		{B762CB00-FE74-418B-A4E0-CBE6F87AB69C}.Debug|Any CPU.ActiveCfg = Debug|Any CPU
		{B762CB00-FE74-418B-A4E0-CBE6F87AB69C}.Debug|Any CPU.Build.0 = Debug|Any CPU
		{B762CB00-FE74-418B-A4E0-CBE6F87AB69C}.Debug|Any CPU.Deploy.0 = Debug|Any CPU
		{B762CB00-FE74-418B-A4E0-CBE6F87AB69C}.Release|Any CPU.ActiveCfg = Release|Any CPU
		{B762CB00-FE74-418B-A4E0-CBE6F87AB69C}.Release|Any CPU.Build.0 = Release|Any CPU
		{B762CB00-FE74-418B-A4E0-CBE6F87AB69C}.Release|Any CPU.Deploy.0 = Release|Any CPU
		{8482E928-899B-42FB-8160-F49A5207194D}.Debug|Any CPU.ActiveCfg = Debug|Any CPU
		{8482E928-899B-42FB-8160-F49A5207194D}.Debug|Any CPU.Build.0 = Debug|Any CPU
		{8482E928-899B-42FB-8160-F49A5207194D}.Release|Any CPU.ActiveCfg = Release|Any CPU
		{8482E928-899B-42FB-8160-F49A5207194D}.Release|Any CPU.Build.0 = Release|Any CPU
		{3EC4ADAD-DF9B-4CF1-B8BA-BDC8D895C13D}.Debug|Any CPU.ActiveCfg = Debug|Any CPU
		{3EC4ADAD-DF9B-4CF1-B8BA-BDC8D895C13D}.Debug|Any CPU.Build.0 = Debug|Any CPU
		{3EC4ADAD-DF9B-4CF1-B8BA-BDC8D895C13D}.Release|Any CPU.ActiveCfg = Release|Any CPU
		{3EC4ADAD-DF9B-4CF1-B8BA-BDC8D895C13D}.Release|Any CPU.Build.0 = Release|Any CPU
		{42AF5F2F-2651-4373-AF5A-755720AF6D96}.Debug|Any CPU.ActiveCfg = Debug|Any CPU
		{42AF5F2F-2651-4373-AF5A-755720AF6D96}.Debug|Any CPU.Build.0 = Debug|Any CPU
		{42AF5F2F-2651-4373-AF5A-755720AF6D96}.Debug|Any CPU.Deploy.0 = Debug|Any CPU
		{42AF5F2F-2651-4373-AF5A-755720AF6D96}.Release|Any CPU.ActiveCfg = Release|Any CPU
		{42AF5F2F-2651-4373-AF5A-755720AF6D96}.Release|Any CPU.Build.0 = Release|Any CPU
		{42AF5F2F-2651-4373-AF5A-755720AF6D96}.Release|Any CPU.Deploy.0 = Release|Any CPU
	EndGlobalSection
	GlobalSection(SolutionProperties) = preSolution
		HideSolutionNode = FALSE
	EndGlobalSection
	GlobalSection(ExtensibilityGlobals) = postSolution
		SolutionGuid = {23324234-705C-4C81-9242-FACD9D235AB3}
	EndGlobalSection
EndGlobal
